
Microsoft Visual Studio Solution File, Format Version 12.00
# Visual Studio Version 16
VisualStudioVersion = 16.0.30517.126
MinimumVisualStudioVersion = 10.0.40219.1
Project("{FAE04EC0-301F-11D3-BF4B-00C04F79EFBC}") = "Makina Elemanları(Islah_Celiği_C35)", "Makina Elemanları(Islah_Celiği_C35)\Makina Elemanları(Islah_Celiği_C35).csproj", "{03D4A5FA-345E-4D5E-A0D2-335D4CAD32C9}"
EndProject
Project("{54435603-DBB4-11D2-8724-00A0C9A8B90C}") = "İSLAH ÇELİĞİ C35", "İSLAH ÇELİĞİ C35\İSLAH ÇELİĞİ C35.vdproj", "{FA588961-542C-4319-B359-4DA5EA4260AA}"
EndProject
Global
	GlobalSection(SolutionConfigurationPlatforms) = preSolution
		Debug|Any CPU = Debug|Any CPU
		Release|Any CPU = Release|Any CPU
	EndGlobalSection
	GlobalSection(ProjectConfigurationPlatforms) = postSolution
		{03D4A5FA-345E-4D5E-A0D2-335D4CAD32C9}.Debug|Any CPU.ActiveCfg = Debug|Any CPU
		{03D4A5FA-345E-4D5E-A0D2-335D4CAD32C9}.Debug|Any CPU.Build.0 = Debug|Any CPU
		{03D4A5FA-345E-4D5E-A0D2-335D4CAD32C9}.Release|Any CPU.ActiveCfg = Release|Any CPU
		{03D4A5FA-345E-4D5E-A0D2-335D4CAD32C9}.Release|Any CPU.Build.0 = Release|Any CPU
		{FA588961-542C-4319-B359-4DA5EA4260AA}.Debug|Any CPU.ActiveCfg = Debug
		{FA588961-542C-4319-B359-4DA5EA4260AA}.Release|Any CPU.ActiveCfg = Release
	EndGlobalSection
	GlobalSection(SolutionProperties) = preSolution
		HideSolutionNode = FALSE
	EndGlobalSection
	GlobalSection(ExtensibilityGlobals) = postSolution
		SolutionGuid = {EA8A8BE9-978C-407A-806F-2DB0D73E1C3D}
	EndGlobalSection
EndGlobal
