
Microsoft Visual Studio Solution File, Format Version 12.00
# Visual Studio Version 16
VisualStudioVersion = 16.0.30517.126
MinimumVisualStudioVersion = 10.0.40219.1
Project("{FAE04EC0-301F-11D3-BF4B-00C04F79EFBC}") = "Lehim Kayma Gerilmesi", "Lehim Kayma Gerilmesi\Lehim Kayma Gerilmesi.csproj", "{B96C59CB-3284-4EEF-BC0C-D9187CF07290}"
EndProject
Project("{54435603-DBB4-11D2-8724-00A0C9A8B90C}") = "Lehim Kayma Gerilme", "Lehim Kayma Gerilme\Lehim Kayma Gerilme.vdproj", "{A4FAF798-0D85-4C7D-8CB7-73EB91EC26F5}"
EndProject
Global
	GlobalSection(SolutionConfigurationPlatforms) = preSolution
		Debug|Any CPU = Debug|Any CPU
		Release|Any CPU = Release|Any CPU
	EndGlobalSection
	GlobalSection(ProjectConfigurationPlatforms) = postSolution
		{B96C59CB-3284-4EEF-BC0C-D9187CF07290}.Debug|Any CPU.ActiveCfg = Debug|Any CPU
		{B96C59CB-3284-4EEF-BC0C-D9187CF07290}.Debug|Any CPU.Build.0 = Debug|Any CPU
		{B96C59CB-3284-4EEF-BC0C-D9187CF07290}.Release|Any CPU.ActiveCfg = Release|Any CPU
		{B96C59CB-3284-4EEF-BC0C-D9187CF07290}.Release|Any CPU.Build.0 = Release|Any CPU
		{A4FAF798-0D85-4C7D-8CB7-73EB91EC26F5}.Debug|Any CPU.ActiveCfg = Debug
		{A4FAF798-0D85-4C7D-8CB7-73EB91EC26F5}.Release|Any CPU.ActiveCfg = Release
	EndGlobalSection
	GlobalSection(SolutionProperties) = preSolution
		HideSolutionNode = FALSE
	EndGlobalSection
	GlobalSection(ExtensibilityGlobals) = postSolution
		SolutionGuid = {04674C11-D6E5-4BA0-B700-035B94A9CDB2}
	EndGlobalSection
EndGlobal
